
Microsoft Visual Studio Solution File, Format Version 12.00
# Visual Studio Version 17
VisualStudioVersion = 17.8.34309.116
MinimumVisualStudioVersion = 10.0.40219.1
Project("{FAE04EC0-301F-11D3-BF4B-00C04F79EFBC}") = "CommendPattern", "CommendPattern\CommendPattern.csproj", "{EDBD10A6-C528-4F04-B987-41718B32C757}"
EndProject
Global
	GlobalSection(SolutionConfigurationPlatforms) = preSolution
		Debug|Any CPU = Debug|Any CPU
		Release|Any CPU = Release|Any CPU
	EndGlobalSection
	GlobalSection(ProjectConfigurationPlatforms) = postSolution
		{EDBD10A6-C528-4F04-B987-41718B32C757}.Debug|Any CPU.ActiveCfg = Debug|Any CPU
		{EDBD10A6-C528-4F04-B987-41718B32C757}.Debug|Any CPU.Build.0 = Debug|Any CPU
		{EDBD10A6-C528-4F04-B987-41718B32C757}.Release|Any CPU.ActiveCfg = Release|Any CPU
		{EDBD10A6-C528-4F04-B987-41718B32C757}.Release|Any CPU.Build.0 = Release|Any CPU
	EndGlobalSection
	GlobalSection(SolutionProperties) = preSolution
		HideSolutionNode = FALSE
	EndGlobalSection
	GlobalSection(ExtensibilityGlobals) = postSolution
		SolutionGuid = {5A0A5E7C-971B-496E-A2BE-03188CD50F24}
	EndGlobalSection
EndGlobal
